// !$*UTF8*$!
{
	archiveVersion = 1;
	classes = {
	};
	objectVersion = 56;
	objects = {

/* Begin PBXBuildFile section */
		D8A11AD42C051BEA007A63EC /* TransactionAddEditView.swift in Sources */ = {isa = PBXBuildFile; fileRef = D8A11AD32C051BEA007A63EC /* TransactionAddEditView.swift */; };
		D8BC9FB42C03964E00872540 /* CardServiceTrackerApp.swift in Sources */ = {isa = PBXBuildFile; fileRef = D8BC9FB32C03964E00872540 /* CardServiceTrackerApp.swift */; };
		D8BC9FB62C03964E00872540 /* ContentView.swift in Sources */ = {isa = PBXBuildFile; fileRef = D8BC9FB52C03964E00872540 /* ContentView.swift */; };
		D8BC9FB82C03964E00872540 /* Item.swift in Sources */ = {isa = PBXBuildFile; fileRef = D8BC9FB72C03964E00872540 /* Item.swift */; };
		D8BC9FBA2C03965000872540 /* Assets.xcassets in Resources */ = {isa = PBXBuildFile; fileRef = D8BC9FB92C03965000872540 /* Assets.xcassets */; };
		D8BC9FBD2C03965000872540 /* Preview Assets.xcassets in Resources */ = {isa = PBXBuildFile; fileRef = D8BC9FBC2C03965000872540 /* Preview Assets.xcassets */; };
		D8BC9FC52C03967900872540 /* Card.swift in Sources */ = {isa = PBXBuildFile; fileRef = D8BC9FC42C03967900872540 /* Card.swift */; };
		D8BC9FC72C0396C600872540 /* Transaction.swift in Sources */ = {isa = PBXBuildFile; fileRef = D8BC9FC62C0396C600872540 /* Transaction.swift */; };
		D8BC9FC92C039ADF00872540 /* MainView.swift in Sources */ = {isa = PBXBuildFile; fileRef = D8BC9FC82C039ADF00872540 /* MainView.swift */; };
		D8BC9FCC2C039B0200872540 /* CardRowView.swift in Sources */ = {isa = PBXBuildFile; fileRef = D8BC9FCB2C039B0200872540 /* CardRowView.swift */; };
		D8BC9FCE2C039B3B00872540 /* CardListView.swift in Sources */ = {isa = PBXBuildFile; fileRef = D8BC9FCD2C039B3B00872540 /* CardListView.swift */; };
		D8BC9FD02C039C2000872540 /* CardDetailView.swift in Sources */ = {isa = PBXBuildFile; fileRef = D8BC9FCF2C039C2000872540 /* CardDetailView.swift */; };
		D8BC9FD42C039DE500872540 /* TransactionRowView.swift in Sources */ = {isa = PBXBuildFile; fileRef = D8BC9FD32C039DE500872540 /* TransactionRowView.swift */; };
		D8BC9FD62C039DEB00872540 /* TransactionDetailView.swift in Sources */ = {isa = PBXBuildFile; fileRef = D8BC9FD52C039DEB00872540 /* TransactionDetailView.swift */; };
		D8BC9FD82C039DF200872540 /* TransactionListView.swift in Sources */ = {isa = PBXBuildFile; fileRef = D8BC9FD72C039DF200872540 /* TransactionListView.swift */; };
/* End PBXBuildFile section */

/* Begin PBXFileReference section */
		D8A11AD32C051BEA007A63EC /* TransactionAddEditView.swift */ = {isa = PBXFileReference; lastKnownFileType = sourcecode.swift; path = TransactionAddEditView.swift; sourceTree = "<group>"; };
		D8BC9FB02C03964E00872540 /* CardServiceTracker.app */ = {isa = PBXFileReference; explicitFileType = wrapper.application; includeInIndex = 0; path = CardServiceTracker.app; sourceTree = BUILT_PRODUCTS_DIR; };
		D8BC9FB32C03964E00872540 /* CardServiceTrackerApp.swift */ = {isa = PBXFileReference; lastKnownFileType = sourcecode.swift; path = CardServiceTrackerApp.swift; sourceTree = "<group>"; };
		D8BC9FB52C03964E00872540 /* ContentView.swift */ = {isa = PBXFileReference; lastKnownFileType = sourcecode.swift; path = ContentView.swift; sourceTree = "<group>"; };
		D8BC9FB72C03964E00872540 /* Item.swift */ = {isa = PBXFileReference; lastKnownFileType = sourcecode.swift; path = Item.swift; sourceTree = "<group>"; };
		D8BC9FB92C03965000872540 /* Assets.xcassets */ = {isa = PBXFileReference; lastKnownFileType = folder.assetcatalog; path = Assets.xcassets; sourceTree = "<group>"; };
		D8BC9FBC2C03965000872540 /* Preview Assets.xcassets */ = {isa = PBXFileReference; lastKnownFileType = folder.assetcatalog; path = "Preview Assets.xcassets"; sourceTree = "<group>"; };
		D8BC9FC42C03967900872540 /* Card.swift */ = {isa = PBXFileReference; lastKnownFileType = sourcecode.swift; path = Card.swift; sourceTree = "<group>"; };
		D8BC9FC62C0396C600872540 /* Transaction.swift */ = {isa = PBXFileReference; lastKnownFileType = sourcecode.swift; path = Transaction.swift; sourceTree = "<group>"; };
		D8BC9FC82C039ADF00872540 /* MainView.swift */ = {isa = PBXFileReference; lastKnownFileType = sourcecode.swift; path = MainView.swift; sourceTree = "<group>"; };
		D8BC9FCB2C039B0200872540 /* CardRowView.swift */ = {isa = PBXFileReference; lastKnownFileType = sourcecode.swift; path = CardRowView.swift; sourceTree = "<group>"; };
		D8BC9FCD2C039B3B00872540 /* CardListView.swift */ = {isa = PBXFileReference; lastKnownFileType = sourcecode.swift; path = CardListView.swift; sourceTree = "<group>"; };
		D8BC9FCF2C039C2000872540 /* CardDetailView.swift */ = {isa = PBXFileReference; lastKnownFileType = sourcecode.swift; path = CardDetailView.swift; sourceTree = "<group>"; };
		D8BC9FD32C039DE500872540 /* TransactionRowView.swift */ = {isa = PBXFileReference; lastKnownFileType = sourcecode.swift; path = TransactionRowView.swift; sourceTree = "<group>"; };
		D8BC9FD52C039DEB00872540 /* TransactionDetailView.swift */ = {isa = PBXFileReference; lastKnownFileType = sourcecode.swift; path = TransactionDetailView.swift; sourceTree = "<group>"; };
		D8BC9FD72C039DF200872540 /* TransactionListView.swift */ = {isa = PBXFileReference; lastKnownFileType = sourcecode.swift; path = TransactionListView.swift; sourceTree = "<group>"; };
/* End PBXFileReference section */

/* Begin PBXFrameworksBuildPhase section */
		D8BC9FAD2C03964E00872540 /* Frameworks */ = {
			isa = PBXFrameworksBuildPhase;
			buildActionMask = 2147483647;
			files = (
			);
			runOnlyForDeploymentPostprocessing = 0;
		};
/* End PBXFrameworksBuildPhase section */

/* Begin PBXGroup section */
		D8BC9FA72C03964E00872540 = {
			isa = PBXGroup;
			children = (
				D8BC9FB22C03964E00872540 /* CardServiceTracker */,
				D8BC9FB12C03964E00872540 /* Products */,
			);
			sourceTree = "<group>";
		};
		D8BC9FB12C03964E00872540 /* Products */ = {
			isa = PBXGroup;
			children = (
				D8BC9FB02C03964E00872540 /* CardServiceTracker.app */,
			);
			name = Products;
			sourceTree = "<group>";
		};
		D8BC9FB22C03964E00872540 /* CardServiceTracker */ = {
			isa = PBXGroup;
			children = (
				D8BC9FB32C03964E00872540 /* CardServiceTrackerApp.swift */,
				D8BC9FB52C03964E00872540 /* ContentView.swift */,
				D8BC9FCA2C039AE800872540 /* View */,
				D8BC9FC32C03966700872540 /* Model */,
				D8BC9FB92C03965000872540 /* Assets.xcassets */,
				D8BC9FBB2C03965000872540 /* Preview Content */,
			);
			path = CardServiceTracker;
			sourceTree = "<group>";
		};
		D8BC9FBB2C03965000872540 /* Preview Content */ = {
			isa = PBXGroup;
			children = (
				D8BC9FBC2C03965000872540 /* Preview Assets.xcassets */,
			);
			path = "Preview Content";
			sourceTree = "<group>";
		};
		D8BC9FC32C03966700872540 /* Model */ = {
			isa = PBXGroup;
			children = (
				D8BC9FC42C03967900872540 /* Card.swift */,
				D8BC9FC62C0396C600872540 /* Transaction.swift */,
				D8BC9FB72C03964E00872540 /* Item.swift */,
			);
			path = Model;
			sourceTree = "<group>";
		};
		D8BC9FCA2C039AE800872540 /* View */ = {
			isa = PBXGroup;
			children = (
				D8BC9FC82C039ADF00872540 /* MainView.swift */,
				D8BC9FD22C039DD100872540 /* Service */,
				D8BC9FD12C039DC700872540 /* Card */,
			);
			path = View;
			sourceTree = "<group>";
		};
		D8BC9FD12C039DC700872540 /* Card */ = {
			isa = PBXGroup;
			children = (
				D8BC9FCB2C039B0200872540 /* CardRowView.swift */,
				D8BC9FCF2C039C2000872540 /* CardDetailView.swift */,
				D8BC9FCD2C039B3B00872540 /* CardListView.swift */,
			);
			path = Card;
			sourceTree = "<group>";
		};
		D8BC9FD22C039DD100872540 /* Service */ = {
			isa = PBXGroup;
			children = (
				D8BC9FD32C039DE500872540 /* TransactionRowView.swift */,
				D8A11AD32C051BEA007A63EC /* TransactionAddEditView.swift */,
				D8BC9FD52C039DEB00872540 /* TransactionDetailView.swift */,
				D8BC9FD72C039DF200872540 /* TransactionListView.swift */,
			);
			path = Service;
			sourceTree = "<group>";
		};
/* End PBXGroup section */

/* Begin PBXNativeTarget section */
		D8BC9FAF2C03964E00872540 /* CardServiceTracker */ = {
			isa = PBXNativeTarget;
			buildConfigurationList = D8BC9FC02C03965000872540 /* Build configuration list for PBXNativeTarget "CardServiceTracker" */;
			buildPhases = (
				D8BC9FAC2C03964E00872540 /* Sources */,
				D8BC9FAD2C03964E00872540 /* Frameworks */,
				D8BC9FAE2C03964E00872540 /* Resources */,
			);
			buildRules = (
			);
			dependencies = (
			);
			name = CardServiceTracker;
			productName = CardServiceTracker;
			productReference = D8BC9FB02C03964E00872540 /* CardServiceTracker.app */;
			productType = "com.apple.product-type.application";
		};
/* End PBXNativeTarget section */

/* Begin PBXProject section */
		D8BC9FA82C03964E00872540 /* Project object */ = {
			isa = PBXProject;
			attributes = {
				BuildIndependentTargetsInParallel = 1;
				LastSwiftUpdateCheck = 1540;
				LastUpgradeCheck = 1540;
				TargetAttributes = {
					D8BC9FAF2C03964E00872540 = {
						CreatedOnToolsVersion = 15.4;
					};
				};
			};
			buildConfigurationList = D8BC9FAB2C03964E00872540 /* Build configuration list for PBXProject "CardServiceTracker" */;
			compatibilityVersion = "Xcode 14.0";
			developmentRegion = en;
			hasScannedForEncodings = 0;
			knownRegions = (
				en,
				Base,
			);
			mainGroup = D8BC9FA72C03964E00872540;
			productRefGroup = D8BC9FB12C03964E00872540 /* Products */;
			projectDirPath = "";
			projectRoot = "";
			targets = (
				D8BC9FAF2C03964E00872540 /* CardServiceTracker */,
			);
		};
/* End PBXProject section */

/* Begin PBXResourcesBuildPhase section */
		D8BC9FAE2C03964E00872540 /* Resources */ = {
			isa = PBXResourcesBuildPhase;
			buildActionMask = 2147483647;
			files = (
				D8BC9FBD2C03965000872540 /* Preview Assets.xcassets in Resources */,
				D8BC9FBA2C03965000872540 /* Assets.xcassets in Resources */,
			);
			runOnlyForDeploymentPostprocessing = 0;
		};
/* End PBXResourcesBuildPhase section */

/* Begin PBXSourcesBuildPhase section */
		D8BC9FAC2C03964E00872540 /* Sources */ = {
			isa = PBXSourcesBuildPhase;
			buildActionMask = 2147483647;
			files = (
				D8BC9FD02C039C2000872540 /* CardDetailView.swift in Sources */,
				D8BC9FB62C03964E00872540 /* ContentView.swift in Sources */,
				D8BC9FCC2C039B0200872540 /* CardRowView.swift in Sources */,
				D8BC9FD62C039DEB00872540 /* TransactionDetailView.swift in Sources */,
				D8BC9FD42C039DE500872540 /* TransactionRowView.swift in Sources */,
				D8BC9FC92C039ADF00872540 /* MainView.swift in Sources */,
				D8BC9FB82C03964E00872540 /* Item.swift in Sources */,
				D8BC9FC72C0396C600872540 /* Transaction.swift in Sources */,
				D8BC9FD82C039DF200872540 /* TransactionListView.swift in Sources */,
				D8BC9FB42C03964E00872540 /* CardServiceTrackerApp.swift in Sources */,
				D8A11AD42C051BEA007A63EC /* TransactionAddEditView.swift in Sources */,
				D8BC9FCE2C039B3B00872540 /* CardListView.swift in Sources */,
				D8BC9FC52C03967900872540 /* Card.swift in Sources */,
			);
			runOnlyForDeploymentPostprocessing = 0;
		};
/* End PBXSourcesBuildPhase section */

/* Begin XCBuildConfiguration section */
		D8BC9FBE2C03965000872540 /* Debug */ = {
			isa = XCBuildConfiguration;
			buildSettings = {
				ALWAYS_SEARCH_USER_PATHS = NO;
				ASSETCATALOG_COMPILER_GENERATE_SWIFT_ASSET_SYMBOL_EXTENSIONS = YES;
				CLANG_ANALYZER_NONNULL = YES;
				CLANG_ANALYZER_NUMBER_OBJECT_CONVERSION = YES_AGGRESSIVE;
				CLANG_CXX_LANGUAGE_STANDARD = "gnu++20";
				CLANG_ENABLE_MODULES = YES;
				CLANG_ENABLE_OBJC_ARC = YES;
				CLANG_ENABLE_OBJC_WEAK = YES;
				CLANG_WARN_BLOCK_CAPTURE_AUTORELEASING = YES;
				CLANG_WARN_BOOL_CONVERSION = YES;
				CLANG_WARN_COMMA = YES;
				CLANG_WARN_CONSTANT_CONVERSION = YES;
				CLANG_WARN_DEPRECATED_OBJC_IMPLEMENTATIONS = YES;
				CLANG_WARN_DIRECT_OBJC_ISA_USAGE = YES_ERROR;
				CLANG_WARN_DOCUMENTATION_COMMENTS = YES;
				CLANG_WARN_EMPTY_BODY = YES;
				CLANG_WARN_ENUM_CONVERSION = YES;
				CLANG_WARN_INFINITE_RECURSION = YES;
				CLANG_WARN_INT_CONVERSION = YES;
				CLANG_WARN_NON_LITERAL_NULL_CONVERSION = YES;
				CLANG_WARN_OBJC_IMPLICIT_RETAIN_SELF = YES;
				CLANG_WARN_OBJC_LITERAL_CONVERSION = YES;
				CLANG_WARN_OBJC_ROOT_CLASS = YES_ERROR;
				CLANG_WARN_QUOTED_INCLUDE_IN_FRAMEWORK_HEADER = YES;
				CLANG_WARN_RANGE_LOOP_ANALYSIS = YES;
				CLANG_WARN_STRICT_PROTOTYPES = YES;
				CLANG_WARN_SUSPICIOUS_MOVE = YES;
				CLANG_WARN_UNGUARDED_AVAILABILITY = YES_AGGRESSIVE;
				CLANG_WARN_UNREACHABLE_CODE = YES;
				CLANG_WARN__DUPLICATE_METHOD_MATCH = YES;
				COPY_PHASE_STRIP = NO;
				DEBUG_INFORMATION_FORMAT = dwarf;
				ENABLE_STRICT_OBJC_MSGSEND = YES;
				ENABLE_TESTABILITY = YES;
				ENABLE_USER_SCRIPT_SANDBOXING = YES;
				GCC_C_LANGUAGE_STANDARD = gnu17;
				GCC_DYNAMIC_NO_PIC = NO;
				GCC_NO_COMMON_BLOCKS = YES;
				GCC_OPTIMIZATION_LEVEL = 0;
				GCC_PREPROCESSOR_DEFINITIONS = (
					"DEBUG=1",
					"$(inherited)",
				);
				GCC_WARN_64_TO_32_BIT_CONVERSION = YES;
				GCC_WARN_ABOUT_RETURN_TYPE = YES_ERROR;
				GCC_WARN_UNDECLARED_SELECTOR = YES;
				GCC_WARN_UNINITIALIZED_AUTOS = YES_AGGRESSIVE;
				GCC_WARN_UNUSED_FUNCTION = YES;
				GCC_WARN_UNUSED_VARIABLE = YES;
				IPHONEOS_DEPLOYMENT_TARGET = 17.5;
				LOCALIZATION_PREFERS_STRING_CATALOGS = YES;
				MTL_ENABLE_DEBUG_INFO = INCLUDE_SOURCE;
				MTL_FAST_MATH = YES;
				ONLY_ACTIVE_ARCH = YES;
				SDKROOT = iphoneos;
				SWIFT_ACTIVE_COMPILATION_CONDITIONS = "DEBUG $(inherited)";
				SWIFT_OPTIMIZATION_LEVEL = "-Onone";
			};
			name = Debug;
		};
		D8BC9FBF2C03965000872540 /* Release */ = {
			isa = XCBuildConfiguration;
			buildSettings = {
				ALWAYS_SEARCH_USER_PATHS = NO;
				ASSETCATALOG_COMPILER_GENERATE_SWIFT_ASSET_SYMBOL_EXTENSIONS = YES;
				CLANG_ANALYZER_NONNULL = YES;
				CLANG_ANALYZER_NUMBER_OBJECT_CONVERSION = YES_AGGRESSIVE;
				CLANG_CXX_LANGUAGE_STANDARD = "gnu++20";
				CLANG_ENABLE_MODULES = YES;
				CLANG_ENABLE_OBJC_ARC = YES;
				CLANG_ENABLE_OBJC_WEAK = YES;
				CLANG_WARN_BLOCK_CAPTURE_AUTORELEASING = YES;
				CLANG_WARN_BOOL_CONVERSION = YES;
				CLANG_WARN_COMMA = YES;
				CLANG_WARN_CONSTANT_CONVERSION = YES;
				CLANG_WARN_DEPRECATED_OBJC_IMPLEMENTATIONS = YES;
				CLANG_WARN_DIRECT_OBJC_ISA_USAGE = YES_ERROR;
				CLANG_WARN_DOCUMENTATION_COMMENTS = YES;
				CLANG_WARN_EMPTY_BODY = YES;
				CLANG_WARN_ENUM_CONVERSION = YES;
				CLANG_WARN_INFINITE_RECURSION = YES;
				CLANG_WARN_INT_CONVERSION = YES;
				CLANG_WARN_NON_LITERAL_NULL_CONVERSION = YES;
				CLANG_WARN_OBJC_IMPLICIT_RETAIN_SELF = YES;
				CLANG_WARN_OBJC_LITERAL_CONVERSION = YES;
				CLANG_WARN_OBJC_ROOT_CLASS = YES_ERROR;
				CLANG_WARN_QUOTED_INCLUDE_IN_FRAMEWORK_HEADER = YES;
				CLANG_WARN_RANGE_LOOP_ANALYSIS = YES;
				CLANG_WARN_STRICT_PROTOTYPES = YES;
				CLANG_WARN_SUSPICIOUS_MOVE = YES;
				CLANG_WARN_UNGUARDED_AVAILABILITY = YES_AGGRESSIVE;
				CLANG_WARN_UNREACHABLE_CODE = YES;
				CLANG_WARN__DUPLICATE_METHOD_MATCH = YES;
				COPY_PHASE_STRIP = NO;
				DEBUG_INFORMATION_FORMAT = "dwarf-with-dsym";
				ENABLE_NS_ASSERTIONS = NO;
				ENABLE_STRICT_OBJC_MSGSEND = YES;
				ENABLE_USER_SCRIPT_SANDBOXING = YES;
				GCC_C_LANGUAGE_STANDARD = gnu17;
				GCC_NO_COMMON_BLOCKS = YES;
				GCC_WARN_64_TO_32_BIT_CONVERSION = YES;
				GCC_WARN_ABOUT_RETURN_TYPE = YES_ERROR;
				GCC_WARN_UNDECLARED_SELECTOR = YES;
				GCC_WARN_UNINITIALIZED_AUTOS = YES_AGGRESSIVE;
				GCC_WARN_UNUSED_FUNCTION = YES;
				GCC_WARN_UNUSED_VARIABLE = YES;
				IPHONEOS_DEPLOYMENT_TARGET = 17.5;
				LOCALIZATION_PREFERS_STRING_CATALOGS = YES;
				MTL_ENABLE_DEBUG_INFO = NO;
				MTL_FAST_MATH = YES;
				SDKROOT = iphoneos;
				SWIFT_COMPILATION_MODE = wholemodule;
				VALIDATE_PRODUCT = YES;
			};
			name = Release;
		};
		D8BC9FC12C03965000872540 /* Debug */ = {
			isa = XCBuildConfiguration;
			buildSettings = {
				ASSETCATALOG_COMPILER_APPICON_NAME = AppIcon;
				ASSETCATALOG_COMPILER_GLOBAL_ACCENT_COLOR_NAME = AccentColor;
				CODE_SIGN_STYLE = Automatic;
				CURRENT_PROJECT_VERSION = 1;
				DEVELOPMENT_ASSET_PATHS = "\"CardServiceTracker/Preview Content\"";
				DEVELOPMENT_TEAM = 2C89D7FYA2;
				ENABLE_PREVIEWS = YES;
				GENERATE_INFOPLIST_FILE = YES;
				INFOPLIST_KEY_UIApplicationSceneManifest_Generation = YES;
				INFOPLIST_KEY_UIApplicationSupportsIndirectInputEvents = YES;
				INFOPLIST_KEY_UILaunchScreen_Generation = YES;
				INFOPLIST_KEY_UISupportedInterfaceOrientations_iPad = "UIInterfaceOrientationPortrait UIInterfaceOrientationPortraitUpsideDown UIInterfaceOrientationLandscapeLeft UIInterfaceOrientationLandscapeRight";
				INFOPLIST_KEY_UISupportedInterfaceOrientations_iPhone = "UIInterfaceOrientationPortrait UIInterfaceOrientationLandscapeLeft UIInterfaceOrientationLandscapeRight";
				LD_RUNPATH_SEARCH_PATHS = (
					"$(inherited)",
					"@executable_path/Frameworks",
				);
				MARKETING_VERSION = 1.0;
				PRODUCT_BUNDLE_IDENTIFIER = Yoon.Chris.CardServiceTracker;
				PRODUCT_NAME = "$(TARGET_NAME)";
				SWIFT_EMIT_LOC_STRINGS = YES;
				SWIFT_VERSION = 5.0;
				TARGETED_DEVICE_FAMILY = "1,2";
			};
			name = Debug;
		};
		D8BC9FC22C03965000872540 /* Release */ = {
			isa = XCBuildConfiguration;
			buildSettings = {
				ASSETCATALOG_COMPILER_APPICON_NAME = AppIcon;
				ASSETCATALOG_COMPILER_GLOBAL_ACCENT_COLOR_NAME = AccentColor;
				CODE_SIGN_STYLE = Automatic;
				CURRENT_PROJECT_VERSION = 1;
				DEVELOPMENT_ASSET_PATHS = "\"CardServiceTracker/Preview Content\"";
				DEVELOPMENT_TEAM = 2C89D7FYA2;
				ENABLE_PREVIEWS = YES;
				GENERATE_INFOPLIST_FILE = YES;
				INFOPLIST_KEY_UIApplicationSceneManifest_Generation = YES;
				INFOPLIST_KEY_UIApplicationSupportsIndirectInputEvents = YES;
				INFOPLIST_KEY_UILaunchScreen_Generation = YES;
				INFOPLIST_KEY_UISupportedInterfaceOrientations_iPad = "UIInterfaceOrientationPortrait UIInterfaceOrientationPortraitUpsideDown UIInterfaceOrientationLandscapeLeft UIInterfaceOrientationLandscapeRight";
				INFOPLIST_KEY_UISupportedInterfaceOrientations_iPhone = "UIInterfaceOrientationPortrait UIInterfaceOrientationLandscapeLeft UIInterfaceOrientationLandscapeRight";
				LD_RUNPATH_SEARCH_PATHS = (
					"$(inherited)",
					"@executable_path/Frameworks",
				);
				MARKETING_VERSION = 1.0;
				PRODUCT_BUNDLE_IDENTIFIER = Yoon.Chris.CardServiceTracker;
				PRODUCT_NAME = "$(TARGET_NAME)";
				SWIFT_EMIT_LOC_STRINGS = YES;
				SWIFT_VERSION = 5.0;
				TARGETED_DEVICE_FAMILY = "1,2";
			};
			name = Release;
		};
/* End XCBuildConfiguration section */

/* Begin XCConfigurationList section */
		D8BC9FAB2C03964E00872540 /* Build configuration list for PBXProject "CardServiceTracker" */ = {
			isa = XCConfigurationList;
			buildConfigurations = (
				D8BC9FBE2C03965000872540 /* Debug */,
				D8BC9FBF2C03965000872540 /* Release */,
			);
			defaultConfigurationIsVisible = 0;
			defaultConfigurationName = Release;
		};
		D8BC9FC02C03965000872540 /* Build configuration list for PBXNativeTarget "CardServiceTracker" */ = {
			isa = XCConfigurationList;
			buildConfigurations = (
				D8BC9FC12C03965000872540 /* Debug */,
				D8BC9FC22C03965000872540 /* Release */,
			);
			defaultConfigurationIsVisible = 0;
			defaultConfigurationName = Release;
		};
/* End XCConfigurationList section */
	};
	rootObject = D8BC9FA82C03964E00872540 /* Project object */;
}
